
Microsoft Visual Studio Solution File, Format Version 12.00
Project("{FAE04EC0-301F-11D3-BF4B-00C04F79EFBC}") = "LoveIsDockerPostgreSQL", "LoveIsDockerPostgreSQL\LoveIsDockerPostgreSQL.csproj", "{918DA1F2-F723-4CFB-9854-CE10FBEF1654}"
EndProject
Global
	GlobalSection(SolutionConfigurationPlatforms) = preSolution
		Debug|Any CPU = Debug|Any CPU
		Release|Any CPU = Release|Any CPU
	EndGlobalSection
	GlobalSection(ProjectConfigurationPlatforms) = postSolution
		{918DA1F2-F723-4CFB-9854-CE10FBEF1654}.Debug|Any CPU.ActiveCfg = Debug|Any CPU
		{918DA1F2-F723-4CFB-9854-CE10FBEF1654}.Debug|Any CPU.Build.0 = Debug|Any CPU
		{918DA1F2-F723-4CFB-9854-CE10FBEF1654}.Release|Any CPU.ActiveCfg = Release|Any CPU
		{918DA1F2-F723-4CFB-9854-CE10FBEF1654}.Release|Any CPU.Build.0 = Release|Any CPU
	EndGlobalSection
EndGlobal
